{
  "requires": true,
  "lockfileVersion": 1,
  "dependencies": {
    "total.js": {
      "version": "3.4.5",
      "resolved": "https://registry.npmjs.org/total.js/-/total.js-3.4.5.tgz",
      "integrity": "sha512-BBcVfH9wXYJ4Uico5IO72tprn7DLNK91gEEuBiqUoRh2fZx6Yk+3UQCuNMIDd/QQ68SZG9kBGvwWiCP/u+rPQw=="
    }
  }
}
